
Microsoft Visual Studio Solution File, Format Version 12.00
# Visual Studio Version 17
VisualStudioVersion = 17.0.32112.339
MinimumVisualStudioVersion = 10.0.40219.1
Project("{FAE04EC0-301F-11D3-BF4B-00C04F79EFBC}") = "SnakeLadder", "SnakeLadder\SnakeLadder.csproj", "{BEA863CB-DF5F-4A29-A489-E07EE1C7DEEC}"
EndProject
Global
	GlobalSection(SolutionConfigurationPlatforms) = preSolution
		Debug|Any CPU = Debug|Any CPU
		Release|Any CPU = Release|Any CPU
	EndGlobalSection
	GlobalSection(ProjectConfigurationPlatforms) = postSolution
		{BEA863CB-DF5F-4A29-A489-E07EE1C7DEEC}.Debug|Any CPU.ActiveCfg = Debug|Any CPU
		{BEA863CB-DF5F-4A29-A489-E07EE1C7DEEC}.Debug|Any CPU.Build.0 = Debug|Any CPU
		{BEA863CB-DF5F-4A29-A489-E07EE1C7DEEC}.Release|Any CPU.ActiveCfg = Release|Any CPU
		{BEA863CB-DF5F-4A29-A489-E07EE1C7DEEC}.Release|Any CPU.Build.0 = Release|Any CPU
	EndGlobalSection
	GlobalSection(SolutionProperties) = preSolution
		HideSolutionNode = FALSE
	EndGlobalSection
	GlobalSection(ExtensibilityGlobals) = postSolution
		SolutionGuid = {FBD6C800-0D0A-4136-9F93-C69D966BB79C}
	EndGlobalSection
EndGlobal
