
Microsoft Visual Studio Solution File, Format Version 12.00
# Visual Studio Version 17
VisualStudioVersion = 17.0.32112.339
MinimumVisualStudioVersion = 10.0.40219.1
Project("{FAE04EC0-301F-11D3-BF4B-00C04F79EFBC}") = "Day6", "Day6\Day6.csproj", "{7A7CC103-32A6-4D66-AA56-CADDDA9D1A15}"
EndProject
Project("{FAE04EC0-301F-11D3-BF4B-00C04F79EFBC}") = "Prime", "Prime\Prime.csproj", "{788623D0-3658-41DF-AA5D-A1D0BF258DC5}"
EndProject
Project("{FAE04EC0-301F-11D3-BF4B-00C04F79EFBC}") = "Couponnumber", "Couponnumber\Couponnumber.csproj", "{96CFE80F-6FF1-4280-833F-F657F7D9F1FD}"
EndProject
Global
	GlobalSection(SolutionConfigurationPlatforms) = preSolution
		Debug|Any CPU = Debug|Any CPU
		Release|Any CPU = Release|Any CPU
	EndGlobalSection
	GlobalSection(ProjectConfigurationPlatforms) = postSolution
		{7A7CC103-32A6-4D66-AA56-CADDDA9D1A15}.Debug|Any CPU.ActiveCfg = Debug|Any CPU
		{7A7CC103-32A6-4D66-AA56-CADDDA9D1A15}.Debug|Any CPU.Build.0 = Debug|Any CPU
		{7A7CC103-32A6-4D66-AA56-CADDDA9D1A15}.Release|Any CPU.ActiveCfg = Release|Any CPU
		{7A7CC103-32A6-4D66-AA56-CADDDA9D1A15}.Release|Any CPU.Build.0 = Release|Any CPU
		{788623D0-3658-41DF-AA5D-A1D0BF258DC5}.Debug|Any CPU.ActiveCfg = Debug|Any CPU
		{788623D0-3658-41DF-AA5D-A1D0BF258DC5}.Debug|Any CPU.Build.0 = Debug|Any CPU
		{788623D0-3658-41DF-AA5D-A1D0BF258DC5}.Release|Any CPU.ActiveCfg = Release|Any CPU
		{788623D0-3658-41DF-AA5D-A1D0BF258DC5}.Release|Any CPU.Build.0 = Release|Any CPU
		{96CFE80F-6FF1-4280-833F-F657F7D9F1FD}.Debug|Any CPU.ActiveCfg = Debug|Any CPU
		{96CFE80F-6FF1-4280-833F-F657F7D9F1FD}.Debug|Any CPU.Build.0 = Debug|Any CPU
		{96CFE80F-6FF1-4280-833F-F657F7D9F1FD}.Release|Any CPU.ActiveCfg = Release|Any CPU
		{96CFE80F-6FF1-4280-833F-F657F7D9F1FD}.Release|Any CPU.Build.0 = Release|Any CPU
	EndGlobalSection
	GlobalSection(SolutionProperties) = preSolution
		HideSolutionNode = FALSE
	EndGlobalSection
	GlobalSection(ExtensibilityGlobals) = postSolution
		SolutionGuid = {D46631E9-27DB-4DF5-AD56-89562E83914A}
	EndGlobalSection
EndGlobal
