
Microsoft Visual Studio Solution File, Format Version 12.00
# Visual Studio Version 17
VisualStudioVersion = 17.0.32014.148
MinimumVisualStudioVersion = 10.0.40219.1
Project("{FAE04EC0-301F-11D3-BF4B-00C04F79EFBC}") = "EmployeeWagePractice", "EmployeeWagePractice\EmployeeWagePractice.csproj", "{BDAC442A-285D-4B8A-86E0-E409E274B37C}"
EndProject
Global
	GlobalSection(SolutionConfigurationPlatforms) = preSolution
		Debug|Any CPU = Debug|Any CPU
		Release|Any CPU = Release|Any CPU
	EndGlobalSection
	GlobalSection(ProjectConfigurationPlatforms) = postSolution
		{BDAC442A-285D-4B8A-86E0-E409E274B37C}.Debug|Any CPU.ActiveCfg = Debug|Any CPU
		{BDAC442A-285D-4B8A-86E0-E409E274B37C}.Debug|Any CPU.Build.0 = Debug|Any CPU
		{BDAC442A-285D-4B8A-86E0-E409E274B37C}.Release|Any CPU.ActiveCfg = Release|Any CPU
		{BDAC442A-285D-4B8A-86E0-E409E274B37C}.Release|Any CPU.Build.0 = Release|Any CPU
	EndGlobalSection
	GlobalSection(SolutionProperties) = preSolution
		HideSolutionNode = FALSE
	EndGlobalSection
	GlobalSection(ExtensibilityGlobals) = postSolution
		SolutionGuid = {5F72C4E9-9C36-42D9-83CA-EB1CCC5F351D}
	EndGlobalSection
EndGlobal
